
Microsoft Visual Studio Solution File, Format Version 12.00
# Visual Studio Version 17
VisualStudioVersion = 17.8.34511.84
MinimumVisualStudioVersion = 10.0.40219.1
Project("{FAE04EC0-301F-11D3-BF4B-00C04F79EFBC}") = "ExInterfacesAndDepInjection01", "ExInterfacesAndDepInjection01\ExInterfacesAndDepInjection01.csproj", "{05756946-5408-4A04-9AD2-4AE4DB63D8C6}"
EndProject
Global
	GlobalSection(SolutionConfigurationPlatforms) = preSolution
		Debug|Any CPU = Debug|Any CPU
		Release|Any CPU = Release|Any CPU
	EndGlobalSection
	GlobalSection(ProjectConfigurationPlatforms) = postSolution
		{05756946-5408-4A04-9AD2-4AE4DB63D8C6}.Debug|Any CPU.ActiveCfg = Debug|Any CPU
		{05756946-5408-4A04-9AD2-4AE4DB63D8C6}.Debug|Any CPU.Build.0 = Debug|Any CPU
		{05756946-5408-4A04-9AD2-4AE4DB63D8C6}.Release|Any CPU.ActiveCfg = Release|Any CPU
		{05756946-5408-4A04-9AD2-4AE4DB63D8C6}.Release|Any CPU.Build.0 = Release|Any CPU
	EndGlobalSection
	GlobalSection(SolutionProperties) = preSolution
		HideSolutionNode = FALSE
	EndGlobalSection
	GlobalSection(ExtensibilityGlobals) = postSolution
		SolutionGuid = {8E20D676-55B8-40D7-896B-C6B6A849C4D3}
	EndGlobalSection
EndGlobal
